
Microsoft Visual Studio Solution File, Format Version 12.00
# Visual Studio Version 17
VisualStudioVersion = 17.9.34728.123
MinimumVisualStudioVersion = 10.0.40219.1
Project("{9A19103F-16F7-4668-BE54-9A1E7A4F7556}") = "StudentManagement", "StudentManagement.csproj", "{94BAB369-D37F-4A69-A0EC-1C38BDF99AC8}"
EndProject
Global
	GlobalSection(SolutionConfigurationPlatforms) = preSolution
		Debug|Any CPU = Debug|Any CPU
		Release|Any CPU = Release|Any CPU
	EndGlobalSection
	GlobalSection(ProjectConfigurationPlatforms) = postSolution
		{94BAB369-D37F-4A69-A0EC-1C38BDF99AC8}.Debug|Any CPU.ActiveCfg = Debug|Any CPU
		{94BAB369-D37F-4A69-A0EC-1C38BDF99AC8}.Debug|Any CPU.Build.0 = Debug|Any CPU
		{94BAB369-D37F-4A69-A0EC-1C38BDF99AC8}.Release|Any CPU.ActiveCfg = Release|Any CPU
		{94BAB369-D37F-4A69-A0EC-1C38BDF99AC8}.Release|Any CPU.Build.0 = Release|Any CPU
	EndGlobalSection
	GlobalSection(SolutionProperties) = preSolution
		HideSolutionNode = FALSE
	EndGlobalSection
	GlobalSection(ExtensibilityGlobals) = postSolution
		SolutionGuid = {F49139F6-9C66-4846-BA12-BB133D87BD78}
	EndGlobalSection
EndGlobal
